
Microsoft Visual Studio Solution File, Format Version 12.00
# Visual Studio Version 17
VisualStudioVersion = 17.10.35027.167
MinimumVisualStudioVersion = 10.0.40219.1
Project("{FAE04EC0-301F-11D3-BF4B-00C04F79EFBC}") = "SelectZone", "SelectZone\SelectZone.csproj", "{18073E5C-3D46-4043-BC98-BEDD93D0F41C}"
EndProject
Global
	GlobalSection(SolutionConfigurationPlatforms) = preSolution
		Debug|Any CPU = Debug|Any CPU
		Release|Any CPU = Release|Any CPU
	EndGlobalSection
	GlobalSection(ProjectConfigurationPlatforms) = postSolution
		{18073E5C-3D46-4043-BC98-BEDD93D0F41C}.Debug|Any CPU.ActiveCfg = Debug|Any CPU
		{18073E5C-3D46-4043-BC98-BEDD93D0F41C}.Debug|Any CPU.Build.0 = Debug|Any CPU
		{18073E5C-3D46-4043-BC98-BEDD93D0F41C}.Release|Any CPU.ActiveCfg = Release|Any CPU
		{18073E5C-3D46-4043-BC98-BEDD93D0F41C}.Release|Any CPU.Build.0 = Release|Any CPU
	EndGlobalSection
	GlobalSection(SolutionProperties) = preSolution
		HideSolutionNode = FALSE
	EndGlobalSection
	GlobalSection(ExtensibilityGlobals) = postSolution
		SolutionGuid = {3B39B5A1-5D6A-4295-82B8-B0D2E7E619EF}
	EndGlobalSection
EndGlobal
